// !$*UTF8*$!
{
	archiveVersion = 1;
	classes = {
	};
	objectVersion = 48;
	objects = {

/* Begin PBXBuildFile section */
		081CCBE61FB456C800119F06 /* AppDelegate.m in Sources */ = {isa = PBXBuildFile; fileRef = 081CCBE51FB456C800119F06 /* AppDelegate.m */; };
		081CCBE91FB456C800119F06 /* TmrMainViewController.m in Sources */ = {isa = PBXBuildFile; fileRef = 081CCBE81FB456C800119F06 /* TmrMainViewController.m */; };
		081CCBEC1FB456C800119F06 /* Main.storyboard in Resources */ = {isa = PBXBuildFile; fileRef = 081CCBEA1FB456C800119F06 /* Main.storyboard */; };
		081CCBEE1FB456C800119F06 /* Assets.xcassets in Resources */ = {isa = PBXBuildFile; fileRef = 081CCBED1FB456C800119F06 /* Assets.xcassets */; };
		081CCBF11FB456C800119F06 /* LaunchScreen.storyboard in Resources */ = {isa = PBXBuildFile; fileRef = 081CCBEF1FB456C800119F06 /* LaunchScreen.storyboard */; };
		081CCBF41FB456C800119F06 /* main.m in Sources */ = {isa = PBXBuildFile; fileRef = 081CCBF31FB456C800119F06 /* main.m */; };
		081CCBFC1FB4575700119F06 /* TmrThing.m in Sources */ = {isa = PBXBuildFile; fileRef = 081CCBFB1FB4575700119F06 /* TmrThing.m */; };
		081CCBFF1FB457B500119F06 /* TmrView.m in Sources */ = {isa = PBXBuildFile; fileRef = 081CCBFE1FB457B500119F06 /* TmrView.m */; };
		0837E1911FB57C7A005BCC02 /* TomorrowListViewController.m in Sources */ = {isa = PBXBuildFile; fileRef = 0837E1901FB57C7A005BCC02 /* TomorrowListViewController.m */; };
		088B3EAC1FB6F45A00330FE0 /* MenuView.m in Sources */ = {isa = PBXBuildFile; fileRef = 088B3EAB1FB6F45900330FE0 /* MenuView.m */; };
		088B3ECF1FB841EE00330FE0 /* TmrCell.m in Sources */ = {isa = PBXBuildFile; fileRef = 088B3ECE1FB841EE00330FE0 /* TmrCell.m */; };
/* End PBXBuildFile section */

/* Begin PBXFileReference section */
		035C9C5E8D7BE58E0292F0E7 /* Pods-Tomorrow.release.xcconfig */ = {isa = PBXFileReference; includeInIndex = 1; lastKnownFileType = text.xcconfig; name = "Pods-Tomorrow.release.xcconfig"; path = "Pods/Target Support Files/Pods-Tomorrow/Pods-Tomorrow.release.xcconfig"; sourceTree = "<group>"; };
		081CCBE11FB456C800119F06 /* Tomorrow.app */ = {isa = PBXFileReference; explicitFileType = wrapper.application; includeInIndex = 0; path = Tomorrow.app; sourceTree = BUILT_PRODUCTS_DIR; };
		081CCBE41FB456C800119F06 /* AppDelegate.h */ = {isa = PBXFileReference; lastKnownFileType = sourcecode.c.h; path = AppDelegate.h; sourceTree = "<group>"; };
		081CCBE51FB456C800119F06 /* AppDelegate.m */ = {isa = PBXFileReference; lastKnownFileType = sourcecode.c.objc; path = AppDelegate.m; sourceTree = "<group>"; };
		081CCBE71FB456C800119F06 /* TmrMainViewController.h */ = {isa = PBXFileReference; lastKnownFileType = sourcecode.c.h; path = TmrMainViewController.h; sourceTree = "<group>"; };
		081CCBE81FB456C800119F06 /* TmrMainViewController.m */ = {isa = PBXFileReference; lastKnownFileType = sourcecode.c.objc; path = TmrMainViewController.m; sourceTree = "<group>"; };
		081CCBEB1FB456C800119F06 /* Base */ = {isa = PBXFileReference; lastKnownFileType = file.storyboard; name = Base; path = Base.lproj/Main.storyboard; sourceTree = "<group>"; };
		081CCBED1FB456C800119F06 /* Assets.xcassets */ = {isa = PBXFileReference; lastKnownFileType = folder.assetcatalog; path = Assets.xcassets; sourceTree = "<group>"; };
		081CCBF01FB456C800119F06 /* Base */ = {isa = PBXFileReference; lastKnownFileType = file.storyboard; name = Base; path = Base.lproj/LaunchScreen.storyboard; sourceTree = "<group>"; };
		081CCBF21FB456C800119F06 /* Info.plist */ = {isa = PBXFileReference; lastKnownFileType = text.plist.xml; path = Info.plist; sourceTree = "<group>"; };
		081CCBF31FB456C800119F06 /* main.m */ = {isa = PBXFileReference; lastKnownFileType = sourcecode.c.objc; path = main.m; sourceTree = "<group>"; };
		081CCBFA1FB4575700119F06 /* TmrThing.h */ = {isa = PBXFileReference; lastKnownFileType = sourcecode.c.h; path = TmrThing.h; sourceTree = "<group>"; };
		081CCBFB1FB4575700119F06 /* TmrThing.m */ = {isa = PBXFileReference; lastKnownFileType = sourcecode.c.objc; path = TmrThing.m; sourceTree = "<group>"; };
		081CCBFD1FB457B500119F06 /* TmrView.h */ = {isa = PBXFileReference; lastKnownFileType = sourcecode.c.h; path = TmrView.h; sourceTree = "<group>"; };
		081CCBFE1FB457B500119F06 /* TmrView.m */ = {isa = PBXFileReference; lastKnownFileType = sourcecode.c.objc; path = TmrView.m; sourceTree = "<group>"; };
		0837E18F1FB57C7A005BCC02 /* TomorrowListViewController.h */ = {isa = PBXFileReference; lastKnownFileType = sourcecode.c.h; path = TomorrowListViewController.h; sourceTree = "<group>"; };
		0837E1901FB57C7A005BCC02 /* TomorrowListViewController.m */ = {isa = PBXFileReference; lastKnownFileType = sourcecode.c.objc; path = TomorrowListViewController.m; sourceTree = "<group>"; };
		088B3EAA1FB6F45900330FE0 /* MenuView.h */ = {isa = PBXFileReference; fileEncoding = 4; lastKnownFileType = sourcecode.c.h; path = MenuView.h; sourceTree = "<group>"; };
		088B3EAB1FB6F45900330FE0 /* MenuView.m */ = {isa = PBXFileReference; fileEncoding = 4; lastKnownFileType = sourcecode.c.objc; path = MenuView.m; sourceTree = "<group>"; };
		088B3ECD1FB841EE00330FE0 /* TmrCell.h */ = {isa = PBXFileReference; lastKnownFileType = sourcecode.c.h; path = TmrCell.h; sourceTree = "<group>"; };
		088B3ECE1FB841EE00330FE0 /* TmrCell.m */ = {isa = PBXFileReference; lastKnownFileType = sourcecode.c.objc; path = TmrCell.m; sourceTree = "<group>"; };
		70C2647B49EE4CB7A3C5F515 /* libPods-Tomorrow.a */ = {isa = PBXFileReference; explicitFileType = archive.ar; includeInIndex = 0; path = "libPods-Tomorrow.a"; sourceTree = BUILT_PRODUCTS_DIR; };
		81C6E35E9141103E7153C582 /* Pods-Tomorrow.debug.xcconfig */ = {isa = PBXFileReference; includeInIndex = 1; lastKnownFileType = text.xcconfig; name = "Pods-Tomorrow.debug.xcconfig"; path = "Pods/Target Support Files/Pods-Tomorrow/Pods-Tomorrow.debug.xcconfig"; sourceTree = "<group>"; };
/* End PBXFileReference section */

/* Begin PBXFrameworksBuildPhase section */
		081CCBDE1FB456C800119F06 /* Frameworks */ = {
			isa = PBXFrameworksBuildPhase;
			buildActionMask = 2147483647;
			files = (
			);
			runOnlyForDeploymentPostprocessing = 0;
		};
/* End PBXFrameworksBuildPhase section */

/* Begin PBXGroup section */
		081CCBD81FB456C800119F06 = {
			isa = PBXGroup;
			children = (
				081CCBE31FB456C800119F06 /* Tomorrow */,
				081CCBE21FB456C800119F06 /* Products */,
				8F800946BBAD48738AC6DE24 /* Pods */,
				DAFAA5EB67C67159D4481174 /* Frameworks */,
			);
			sourceTree = "<group>";
		};
		081CCBE21FB456C800119F06 /* Products */ = {
			isa = PBXGroup;
			children = (
				081CCBE11FB456C800119F06 /* Tomorrow.app */,
			);
			name = Products;
			sourceTree = "<group>";
		};
		081CCBE31FB456C800119F06 /* Tomorrow */ = {
			isa = PBXGroup;
			children = (
				081CCBEA1FB456C800119F06 /* Main.storyboard */,
				081CCBE41FB456C800119F06 /* AppDelegate.h */,
				081CCBE51FB456C800119F06 /* AppDelegate.m */,
				081CCBE71FB456C800119F06 /* TmrMainViewController.h */,
				081CCBE81FB456C800119F06 /* TmrMainViewController.m */,
				0837E18F1FB57C7A005BCC02 /* TomorrowListViewController.h */,
				0837E1901FB57C7A005BCC02 /* TomorrowListViewController.m */,
				088B3EAA1FB6F45900330FE0 /* MenuView.h */,
				088B3EAB1FB6F45900330FE0 /* MenuView.m */,
				081CCBFA1FB4575700119F06 /* TmrThing.h */,
				081CCBFB1FB4575700119F06 /* TmrThing.m */,
				081CCBFD1FB457B500119F06 /* TmrView.h */,
				081CCBFE1FB457B500119F06 /* TmrView.m */,
				088B3ECD1FB841EE00330FE0 /* TmrCell.h */,
				088B3ECE1FB841EE00330FE0 /* TmrCell.m */,
				081CCBED1FB456C800119F06 /* Assets.xcassets */,
				081CCBEF1FB456C800119F06 /* LaunchScreen.storyboard */,
				081CCBF21FB456C800119F06 /* Info.plist */,
				081CCBF31FB456C800119F06 /* main.m */,
			);
			path = Tomorrow;
			sourceTree = "<group>";
		};
		8F800946BBAD48738AC6DE24 /* Pods */ = {
			isa = PBXGroup;
			children = (
				81C6E35E9141103E7153C582 /* Pods-Tomorrow.debug.xcconfig */,
				035C9C5E8D7BE58E0292F0E7 /* Pods-Tomorrow.release.xcconfig */,
			);
			name = Pods;
			sourceTree = "<group>";
		};
		DAFAA5EB67C67159D4481174 /* Frameworks */ = {
			isa = PBXGroup;
			children = (
				70C2647B49EE4CB7A3C5F515 /* libPods-Tomorrow.a */,
			);
			name = Frameworks;
			sourceTree = "<group>";
		};
/* End PBXGroup section */

/* Begin PBXNativeTarget section */
		081CCBE01FB456C800119F06 /* Tomorrow */ = {
			isa = PBXNativeTarget;
			buildConfigurationList = 081CCBF71FB456C800119F06 /* Build configuration list for PBXNativeTarget "Tomorrow" */;
			buildPhases = (
				5FEB46CDF66105E862AC2711 /* [CP] Check Pods Manifest.lock */,
				081CCBDD1FB456C800119F06 /* Sources */,
				081CCBDE1FB456C800119F06 /* Frameworks */,
				081CCBDF1FB456C800119F06 /* Resources */,
				BC18E1133E9C1718A8173171 /* [CP] Embed Pods Frameworks */,
				4BBBE2C7A4FF5FBB8EF070DC /* [CP] Copy Pods Resources */,
			);
			buildRules = (
			);
			dependencies = (
			);
			name = Tomorrow;
			productName = Tomorrow;
			productReference = 081CCBE11FB456C800119F06 /* Tomorrow.app */;
			productType = "com.apple.product-type.application";
		};
/* End PBXNativeTarget section */

/* Begin PBXProject section */
		081CCBD91FB456C800119F06 /* Project object */ = {
			isa = PBXProject;
			attributes = {
				LastUpgradeCheck = 0910;
				ORGANIZATIONNAME = "李嘉银";
				TargetAttributes = {
					081CCBE01FB456C800119F06 = {
						CreatedOnToolsVersion = 9.1;
						ProvisioningStyle = Automatic;
					};
				};
			};
			buildConfigurationList = 081CCBDC1FB456C800119F06 /* Build configuration list for PBXProject "Tomorrow" */;
			compatibilityVersion = "Xcode 8.0";
			developmentRegion = en;
			hasScannedForEncodings = 0;
			knownRegions = (
				en,
				Base,
			);
			mainGroup = 081CCBD81FB456C800119F06;
			productRefGroup = 081CCBE21FB456C800119F06 /* Products */;
			projectDirPath = "";
			projectRoot = "";
			targets = (
				081CCBE01FB456C800119F06 /* Tomorrow */,
			);
		};
/* End PBXProject section */

/* Begin PBXResourcesBuildPhase section */
		081CCBDF1FB456C800119F06 /* Resources */ = {
			isa = PBXResourcesBuildPhase;
			buildActionMask = 2147483647;
			files = (
				081CCBF11FB456C800119F06 /* LaunchScreen.storyboard in Resources */,
				081CCBEE1FB456C800119F06 /* Assets.xcassets in Resources */,
				081CCBEC1FB456C800119F06 /* Main.storyboard in Resources */,
			);
			runOnlyForDeploymentPostprocessing = 0;
		};
/* End PBXResourcesBuildPhase section */

/* Begin PBXShellScriptBuildPhase section */
		4BBBE2C7A4FF5FBB8EF070DC /* [CP] Copy Pods Resources */ = {
			isa = PBXShellScriptBuildPhase;
			buildActionMask = 2147483647;
			files = (
			);
			inputPaths = (
			);
			name = "[CP] Copy Pods Resources";
			outputPaths = (
			);
			runOnlyForDeploymentPostprocessing = 0;
			shellPath = /bin/sh;
			shellScript = "\"${SRCROOT}/Pods/Target Support Files/Pods-Tomorrow/Pods-Tomorrow-resources.sh\"\n";
			showEnvVarsInLog = 0;
		};
		5FEB46CDF66105E862AC2711 /* [CP] Check Pods Manifest.lock */ = {
			isa = PBXShellScriptBuildPhase;
			buildActionMask = 2147483647;
			files = (
			);
			inputPaths = (
				"${PODS_PODFILE_DIR_PATH}/Podfile.lock",
				"${PODS_ROOT}/Manifest.lock",
			);
			name = "[CP] Check Pods Manifest.lock";
			outputPaths = (
				"$(DERIVED_FILE_DIR)/Pods-Tomorrow-checkManifestLockResult.txt",
			);
			runOnlyForDeploymentPostprocessing = 0;
			shellPath = /bin/sh;
			shellScript = "diff \"${PODS_PODFILE_DIR_PATH}/Podfile.lock\" \"${PODS_ROOT}/Manifest.lock\" > /dev/null\nif [ $? != 0 ] ; then\n    # print error to STDERR\n    echo \"error: The sandbox is not in sync with the Podfile.lock. Run 'pod install' or update your CocoaPods installation.\" >&2\n    exit 1\nfi\n# This output is used by Xcode 'outputs' to avoid re-running this script phase.\necho \"SUCCESS\" > \"${SCRIPT_OUTPUT_FILE_0}\"\n";
			showEnvVarsInLog = 0;
		};
		BC18E1133E9C1718A8173171 /* [CP] Embed Pods Frameworks */ = {
			isa = PBXShellScriptBuildPhase;
			buildActionMask = 2147483647;
			files = (
			);
			inputPaths = (
				"${SRCROOT}/Pods/Target Support Files/Pods-Tomorrow/Pods-Tomorrow-frameworks.sh",
				"${PODS_ROOT}/Reveal-SDK/RevealServer-11/iOS/RevealServer.framework",
			);
			name = "[CP] Embed Pods Frameworks";
			outputPaths = (
				"${TARGET_BUILD_DIR}/${FRAMEWORKS_FOLDER_PATH}/RevealServer.framework",
			);
			runOnlyForDeploymentPostprocessing = 0;
			shellPath = /bin/sh;
			shellScript = "\"${SRCROOT}/Pods/Target Support Files/Pods-Tomorrow/Pods-Tomorrow-frameworks.sh\"\n";
			showEnvVarsInLog = 0;
		};
/* End PBXShellScriptBuildPhase section */

/* Begin PBXSourcesBuildPhase section */
		081CCBDD1FB456C800119F06 /* Sources */ = {
			isa = PBXSourcesBuildPhase;
			buildActionMask = 2147483647;
			files = (
				081CCBE91FB456C800119F06 /* TmrMainViewController.m in Sources */,
				081CCBFF1FB457B500119F06 /* TmrView.m in Sources */,
				081CCBF41FB456C800119F06 /* main.m in Sources */,
				0837E1911FB57C7A005BCC02 /* TomorrowListViewController.m in Sources */,
				081CCBFC1FB4575700119F06 /* TmrThing.m in Sources */,
				081CCBE61FB456C800119F06 /* AppDelegate.m in Sources */,
				088B3EAC1FB6F45A00330FE0 /* MenuView.m in Sources */,
				088B3ECF1FB841EE00330FE0 /* TmrCell.m in Sources */,
			);
			runOnlyForDeploymentPostprocessing = 0;
		};
/* End PBXSourcesBuildPhase section */

/* Begin PBXVariantGroup section */
		081CCBEA1FB456C800119F06 /* Main.storyboard */ = {
			isa = PBXVariantGroup;
			children = (
				081CCBEB1FB456C800119F06 /* Base */,
			);
			name = Main.storyboard;
			sourceTree = "<group>";
		};
		081CCBEF1FB456C800119F06 /* LaunchScreen.storyboard */ = {
			isa = PBXVariantGroup;
			children = (
				081CCBF01FB456C800119F06 /* Base */,
			);
			name = LaunchScreen.storyboard;
			sourceTree = "<group>";
		};
/* End PBXVariantGroup section */

/* Begin XCBuildConfiguration section */
		081CCBF51FB456C800119F06 /* Debug */ = {
			isa = XCBuildConfiguration;
			buildSettings = {
				ALWAYS_SEARCH_USER_PATHS = NO;
				CLANG_ANALYZER_NONNULL = YES;
				CLANG_ANALYZER_NUMBER_OBJECT_CONVERSION = YES_AGGRESSIVE;
				CLANG_CXX_LANGUAGE_STANDARD = "gnu++14";
				CLANG_CXX_LIBRARY = "libc++";
				CLANG_ENABLE_MODULES = YES;
				CLANG_ENABLE_OBJC_ARC = YES;
				CLANG_WARN_BLOCK_CAPTURE_AUTORELEASING = YES;
				CLANG_WARN_BOOL_CONVERSION = YES;
				CLANG_WARN_COMMA = YES;
				CLANG_WARN_CONSTANT_CONVERSION = YES;
				CLANG_WARN_DIRECT_OBJC_ISA_USAGE = YES_ERROR;
				CLANG_WARN_DOCUMENTATION_COMMENTS = YES;
				CLANG_WARN_EMPTY_BODY = YES;
				CLANG_WARN_ENUM_CONVERSION = YES;
				CLANG_WARN_INFINITE_RECURSION = YES;
				CLANG_WARN_INT_CONVERSION = YES;
				CLANG_WARN_NON_LITERAL_NULL_CONVERSION = YES;
				CLANG_WARN_OBJC_LITERAL_CONVERSION = YES;
				CLANG_WARN_OBJC_ROOT_CLASS = YES_ERROR;
				CLANG_WARN_RANGE_LOOP_ANALYSIS = YES;
				CLANG_WARN_STRICT_PROTOTYPES = YES;
				CLANG_WARN_SUSPICIOUS_MOVE = YES;
				CLANG_WARN_UNGUARDED_AVAILABILITY = YES_AGGRESSIVE;
				CLANG_WARN_UNREACHABLE_CODE = YES;
				CLANG_WARN__DUPLICATE_METHOD_MATCH = YES;
				CODE_SIGN_IDENTITY = "iPhone Developer";
				COPY_PHASE_STRIP = NO;
				DEBUG_INFORMATION_FORMAT = dwarf;
				ENABLE_STRICT_OBJC_MSGSEND = YES;
				ENABLE_TESTABILITY = YES;
				GCC_C_LANGUAGE_STANDARD = gnu11;
				GCC_DYNAMIC_NO_PIC = NO;
				GCC_NO_COMMON_BLOCKS = YES;
				GCC_OPTIMIZATION_LEVEL = 0;
				GCC_PREPROCESSOR_DEFINITIONS = (
					"DEBUG=1",
					"$(inherited)",
				);
				GCC_WARN_64_TO_32_BIT_CONVERSION = YES;
				GCC_WARN_ABOUT_RETURN_TYPE = YES_ERROR;
				GCC_WARN_UNDECLARED_SELECTOR = YES;
				GCC_WARN_UNINITIALIZED_AUTOS = YES_AGGRESSIVE;
				GCC_WARN_UNUSED_FUNCTION = YES;
				GCC_WARN_UNUSED_VARIABLE = YES;
				IPHONEOS_DEPLOYMENT_TARGET = 11.1;
				MTL_ENABLE_DEBUG_INFO = YES;
				ONLY_ACTIVE_ARCH = YES;
				SDKROOT = iphoneos;
			};
			name = Debug;
		};
		081CCBF61FB456C800119F06 /* Release */ = {
			isa = XCBuildConfiguration;
			buildSettings = {
				ALWAYS_SEARCH_USER_PATHS = NO;
				CLANG_ANALYZER_NONNULL = YES;
				CLANG_ANALYZER_NUMBER_OBJECT_CONVERSION = YES_AGGRESSIVE;
				CLANG_CXX_LANGUAGE_STANDARD = "gnu++14";
				CLANG_CXX_LIBRARY = "libc++";
				CLANG_ENABLE_MODULES = YES;
				CLANG_ENABLE_OBJC_ARC = YES;
				CLANG_WARN_BLOCK_CAPTURE_AUTORELEASING = YES;
				CLANG_WARN_BOOL_CONVERSION = YES;
				CLANG_WARN_COMMA = YES;
				CLANG_WARN_CONSTANT_CONVERSION = YES;
				CLANG_WARN_DIRECT_OBJC_ISA_USAGE = YES_ERROR;
				CLANG_WARN_DOCUMENTATION_COMMENTS = YES;
				CLANG_WARN_EMPTY_BODY = YES;
				CLANG_WARN_ENUM_CONVERSION = YES;
				CLANG_WARN_INFINITE_RECURSION = YES;
				CLANG_WARN_INT_CONVERSION = YES;
				CLANG_WARN_NON_LITERAL_NULL_CONVERSION = YES;
				CLANG_WARN_OBJC_LITERAL_CONVERSION = YES;
				CLANG_WARN_OBJC_ROOT_CLASS = YES_ERROR;
				CLANG_WARN_RANGE_LOOP_ANALYSIS = YES;
				CLANG_WARN_STRICT_PROTOTYPES = YES;
				CLANG_WARN_SUSPICIOUS_MOVE = YES;
				CLANG_WARN_UNGUARDED_AVAILABILITY = YES_AGGRESSIVE;
				CLANG_WARN_UNREACHABLE_CODE = YES;
				CLANG_WARN__DUPLICATE_METHOD_MATCH = YES;
				CODE_SIGN_IDENTITY = "iPhone Developer";
				COPY_PHASE_STRIP = NO;
				DEBUG_INFORMATION_FORMAT = "dwarf-with-dsym";
				ENABLE_NS_ASSERTIONS = NO;
				ENABLE_STRICT_OBJC_MSGSEND = YES;
				GCC_C_LANGUAGE_STANDARD = gnu11;
				GCC_NO_COMMON_BLOCKS = YES;
				GCC_WARN_64_TO_32_BIT_CONVERSION = YES;
				GCC_WARN_ABOUT_RETURN_TYPE = YES_ERROR;
				GCC_WARN_UNDECLARED_SELECTOR = YES;
				GCC_WARN_UNINITIALIZED_AUTOS = YES_AGGRESSIVE;
				GCC_WARN_UNUSED_FUNCTION = YES;
				GCC_WARN_UNUSED_VARIABLE = YES;
				IPHONEOS_DEPLOYMENT_TARGET = 11.1;
				MTL_ENABLE_DEBUG_INFO = NO;
				SDKROOT = iphoneos;
				VALIDATE_PRODUCT = YES;
			};
			name = Release;
		};
		081CCBF81FB456C800119F06 /* Debug */ = {
			isa = XCBuildConfiguration;
			baseConfigurationReference = 81C6E35E9141103E7153C582 /* Pods-Tomorrow.debug.xcconfig */;
			buildSettings = {
				ASSETCATALOG_COMPILER_APPICON_NAME = AppIcon;
				CODE_SIGN_STYLE = Automatic;
				DEVELOPMENT_TEAM = LDVXT95SNR;
				INFOPLIST_FILE = Tomorrow/Info.plist;
				LD_RUNPATH_SEARCH_PATHS = "$(inherited) @executable_path/Frameworks";
				PRODUCT_BUNDLE_IDENTIFIER = "-23.Tomorrow";
				PRODUCT_NAME = "$(TARGET_NAME)";
				TARGETED_DEVICE_FAMILY = "1,2";
			};
			name = Debug;
		};
		081CCBF91FB456C800119F06 /* Release */ = {
			isa = XCBuildConfiguration;
			baseConfigurationReference = 035C9C5E8D7BE58E0292F0E7 /* Pods-Tomorrow.release.xcconfig */;
			buildSettings = {
				ASSETCATALOG_COMPILER_APPICON_NAME = AppIcon;
				CODE_SIGN_STYLE = Automatic;
				DEVELOPMENT_TEAM = LDVXT95SNR;
				INFOPLIST_FILE = Tomorrow/Info.plist;
				LD_RUNPATH_SEARCH_PATHS = "$(inherited) @executable_path/Frameworks";
				PRODUCT_BUNDLE_IDENTIFIER = "-23.Tomorrow";
				PRODUCT_NAME = "$(TARGET_NAME)";
				TARGETED_DEVICE_FAMILY = "1,2";
			};
			name = Release;
		};
/* End XCBuildConfiguration section */

/* Begin XCConfigurationList section */
		081CCBDC1FB456C800119F06 /* Build configuration list for PBXProject "Tomorrow" */ = {
			isa = XCConfigurationList;
			buildConfigurations = (
				081CCBF51FB456C800119F06 /* Debug */,
				081CCBF61FB456C800119F06 /* Release */,
			);
			defaultConfigurationIsVisible = 0;
			defaultConfigurationName = Release;
		};
		081CCBF71FB456C800119F06 /* Build configuration list for PBXNativeTarget "Tomorrow" */ = {
			isa = XCConfigurationList;
			buildConfigurations = (
				081CCBF81FB456C800119F06 /* Debug */,
				081CCBF91FB456C800119F06 /* Release */,
			);
			defaultConfigurationIsVisible = 0;
			defaultConfigurationName = Release;
		};
/* End XCConfigurationList section */
	};
	rootObject = 081CCBD91FB456C800119F06 /* Project object */;
}
